# @generated - this file is auto-generated by `mise lock` https://mise.jdx.dev/dev-tools/mise-lock.html

[[tools."github:sharkdp/hyperfine"]]
version = "2.0.0"
backend = "github:sharkdp/hyperfine"

[tools."github:sharkdp/hyperfine"."platforms.linux-arm64"]
checksum = "sha256:f8244d1e17f8da23ee6b3ae2cdc04a6a185a450f6b74e09bff12e498038fcbc9"
url = "https://github.com/sharkdp/hyperfine/releases/download/v2.0.0/hyperfine-v2.0.0-aarch64-unknown-linux-gnu.tar.gz"
url_api = "https://api.github.com/repos/sharkdp/hyperfine/releases/assets/619832203"

[tools."github:sharkdp/hyperfine"."platforms.linux-arm64-musl"]
checksum = "sha256:f0591c2cb8f66f2d2624d23979cf96dc99a67cb935f9925c82b9a4e3ffe5b2e1"
url = "https://github.com/sharkdp/hyperfine/releases/download/v2.0.0/hyperfine-v2.0.0-aarch64-unknown-linux-musl.tar.gz"
url_api = "https://api.github.com/repos/sharkdp/hyperfine/releases/assets/619832413"

[tools."github:sharkdp/hyperfine"."platforms.linux-x64"]
checksum = "sha256:ae2beda2ac99c098427e4f755244552daf20e514422889cca6d44421e2d93c87"
url = "https://github.com/sharkdp/hyperfine/releases/download/v2.0.0/hyperfine-v2.0.0-x86_64-unknown-linux-gnu.tar.gz"
url_api = "https://api.github.com/repos/sharkdp/hyperfine/releases/assets/619831673"

[tools."github:sharkdp/hyperfine"."platforms.linux-x64-musl"]
checksum = "sha256:38e59087bd65520930a13cf513d8a493b7043741e8ad62349a8a9929eb61bc5c"
url = "https://github.com/sharkdp/hyperfine/releases/download/v2.0.0/hyperfine-v2.0.0-x86_64-unknown-linux-musl.tar.gz"
url_api = "https://api.github.com/repos/sharkdp/hyperfine/releases/assets/619832904"

[tools."github:sharkdp/hyperfine"."platforms.macos-arm64"]
checksum = "sha256:590b839cfea386b384ce0b42d16daf2910277cf30950656194bb3a5f20dea81e"
url = "https://github.com/sharkdp/hyperfine/releases/download/v2.0.0/hyperfine-v2.0.0-aarch64-apple-darwin.tar.gz"
url_api = "https://api.github.com/repos/sharkdp/hyperfine/releases/assets/619831330"

[tools."github:sharkdp/hyperfine"."platforms.macos-x64"]
checksum = "sha256:8afe204926afefa406ad320cef0672b739e5f676c623fbd6d43d779bacd684e3"
url = "https://github.com/sharkdp/hyperfine/releases/download/v2.0.0/hyperfine-v2.0.0-x86_64-apple-darwin.tar.gz"
url_api = "https://api.github.com/repos/sharkdp/hyperfine/releases/assets/619836081"

[tools."github:sharkdp/hyperfine"."platforms.windows-x64"]
checksum = "sha256:3dec51acee1060908e67948838d6bc0a7aacde0774acebfa4afb220dcf0bc078"
url = "https://github.com/sharkdp/hyperfine/releases/download/v2.0.0/hyperfine-v2.0.0-x86_64-pc-windows-msvc.zip"
url_api = "https://api.github.com/repos/sharkdp/hyperfine/releases/assets/619834237"

[[tools.just]]
version = "1.58.0"
backend = "aqua:casey/just"

[tools.just."platforms.linux-arm64"]
checksum = "sha256:748237128c4c40cbdabc65e841d05ceba13cc23a91eaba395495894c1d9764df"
url = "https://github.com/casey/just/releases/download/1.58.0/just-1.58.0-aarch64-unknown-linux-musl.tar.gz"
url_api = "https://api.github.com/repos/casey/just/releases/assets/500510099"

[tools.just."platforms.linux-arm64-musl"]
checksum = "sha256:748237128c4c40cbdabc65e841d05ceba13cc23a91eaba395495894c1d9764df"
url = "https://github.com/casey/just/releases/download/1.58.0/just-1.58.0-aarch64-unknown-linux-musl.tar.gz"
url_api = "https://api.github.com/repos/casey/just/releases/assets/500510099"

[tools.just."platforms.linux-x64"]
checksum = "sha256:4a5cc2f53e6f0f8c59092a6cc38291eb729d46a7dd95d3ae582008881b84931d"
url = "https://github.com/casey/just/releases/download/1.58.0/just-1.58.0-x86_64-unknown-linux-musl.tar.gz"
url_api = "https://api.github.com/repos/casey/just/releases/assets/500509978"

[tools.just."platforms.linux-x64-musl"]
checksum = "sha256:4a5cc2f53e6f0f8c59092a6cc38291eb729d46a7dd95d3ae582008881b84931d"
url = "https://github.com/casey/just/releases/download/1.58.0/just-1.58.0-x86_64-unknown-linux-musl.tar.gz"
url_api = "https://api.github.com/repos/casey/just/releases/assets/500509978"

[tools.just."platforms.macos-arm64"]
checksum = "sha256:50ae3e996c974a0bf32ea7d10f495070df33f1b43e0616b2769e3d4821ed8f48"
url = "https://github.com/casey/just/releases/download/1.58.0/just-1.58.0-aarch64-apple-darwin.tar.gz"
url_api = "https://api.github.com/repos/casey/just/releases/assets/500509965"

[tools.just."platforms.macos-x64"]
checksum = "sha256:9a09cfef66aaa79da58203970103a0684307716caaabd3e9844cacc4dc0f4023"
url = "https://github.com/casey/just/releases/download/1.58.0/just-1.58.0-x86_64-apple-darwin.tar.gz"
url_api = "https://api.github.com/repos/casey/just/releases/assets/500510084"

[tools.just."platforms.windows-x64"]
checksum = "sha256:759f16fb7aa17c5c8b9594b6d4a8c1a6630dfd042cf2b3ff84841454d3d188dc"
url = "https://github.com/casey/just/releases/download/1.58.0/just-1.58.0-x86_64-pc-windows-msvc.zip"
url_api = "https://api.github.com/repos/casey/just/releases/assets/500511374"

[[tools.kustomize]]
version = "5.8.2"
backend = "aqua:kubernetes-sigs/kustomize"

[tools.kustomize."platforms.linux-arm64"]
checksum = "sha256:0991957191951cb7dddd142403b5bb98a1fcd6378ba0079dddc1e2c309080a7f"
url = "https://github.com/kubernetes-sigs/kustomize/releases/download/kustomize/v5.8.2/kustomize_v5.8.2_linux_arm64.tar.gz"
url_api = "https://api.github.com/repos/kubernetes-sigs/kustomize/releases/assets/600925223"

[tools.kustomize."platforms.linux-arm64-musl"]
checksum = "sha256:0991957191951cb7dddd142403b5bb98a1fcd6378ba0079dddc1e2c309080a7f"
url = "https://github.com/kubernetes-sigs/kustomize/releases/download/kustomize/v5.8.2/kustomize_v5.8.2_linux_arm64.tar.gz"
url_api = "https://api.github.com/repos/kubernetes-sigs/kustomize/releases/assets/600925223"

[tools.kustomize."platforms.linux-x64"]
checksum = "sha256:06af0a202c2b831207d0173f9c9cdb1b30abceca0747cb3fbb72792d26055c95"
url = "https://github.com/kubernetes-sigs/kustomize/releases/download/kustomize/v5.8.2/kustomize_v5.8.2_linux_amd64.tar.gz"
url_api = "https://api.github.com/repos/kubernetes-sigs/kustomize/releases/assets/600925225"

[tools.kustomize."platforms.linux-x64-musl"]
checksum = "sha256:06af0a202c2b831207d0173f9c9cdb1b30abceca0747cb3fbb72792d26055c95"
url = "https://github.com/kubernetes-sigs/kustomize/releases/download/kustomize/v5.8.2/kustomize_v5.8.2_linux_amd64.tar.gz"
url_api = "https://api.github.com/repos/kubernetes-sigs/kustomize/releases/assets/600925225"

[tools.kustomize."platforms.macos-arm64"]
checksum = "sha256:4ce452c096a4005be16ddc02129255830d1d6605ffe3693699c72a1b2be48658"
url = "https://github.com/kubernetes-sigs/kustomize/releases/download/kustomize/v5.8.2/kustomize_v5.8.2_darwin_arm64.tar.gz"
url_api = "https://api.github.com/repos/kubernetes-sigs/kustomize/releases/assets/600925224"

[tools.kustomize."platforms.macos-x64"]
checksum = "sha256:1ee90e851535f13b21b5fb69a24a6e843da13ca7aa52538e345ce7c15471ef47"
url = "https://github.com/kubernetes-sigs/kustomize/releases/download/kustomize/v5.8.2/kustomize_v5.8.2_darwin_amd64.tar.gz"
url_api = "https://api.github.com/repos/kubernetes-sigs/kustomize/releases/assets/600925221"

[tools.kustomize."platforms.windows-x64"]
checksum = "sha256:a78b380ee56c49db82213d31965eb50626ecec2b835abea0524471ff8effb653"
url = "https://github.com/kubernetes-sigs/kustomize/releases/download/kustomize/v5.8.2/kustomize_v5.8.2_windows_amd64.zip"
url_api = "https://api.github.com/repos/kubernetes-sigs/kustomize/releases/assets/600925244"

[[tools.sops]]
version = "3.13.3"
backend = "aqua:getsops/sops"

[tools.sops."platforms.linux-arm64"]
checksum = "sha256:53b0abacd38ef1b12a66d6c100956691b9cefce018d91f81e73ddf7438b94d77"
url = "https://github.com/getsops/sops/releases/download/v3.13.3/sops-v3.13.3.linux.arm64"
url_api = "https://api.github.com/repos/getsops/sops/releases/assets/486808229"

[tools.sops."platforms.linux-arm64".provenance.slsa]
url = "https://github.com/getsops/sops/releases/download/v3.13.3/sops-v3.13.3.intoto.jsonl"

[tools.sops."platforms.linux-arm64-musl"]
checksum = "sha256:53b0abacd38ef1b12a66d6c100956691b9cefce018d91f81e73ddf7438b94d77"
url = "https://github.com/getsops/sops/releases/download/v3.13.3/sops-v3.13.3.linux.arm64"
url_api = "https://api.github.com/repos/getsops/sops/releases/assets/486808229"

[tools.sops."platforms.linux-arm64-musl".provenance.slsa]
url = "https://github.com/getsops/sops/releases/download/v3.13.3/sops-v3.13.3.intoto.jsonl"

[tools.sops."platforms.linux-x64"]
checksum = "sha256:e5bec3346a873ae91d871550f3e698c1aad962aff462a080e40f25fde17fef6b"
url = "https://github.com/getsops/sops/releases/download/v3.13.3/sops-v3.13.3.linux.amd64"
url_api = "https://api.github.com/repos/getsops/sops/releases/assets/486808201"

[tools.sops."platforms.linux-x64".provenance.slsa]
url = "https://github.com/getsops/sops/releases/download/v3.13.3/sops-v3.13.3.intoto.jsonl"

[tools.sops."platforms.linux-x64-musl"]
checksum = "sha256:e5bec3346a873ae91d871550f3e698c1aad962aff462a080e40f25fde17fef6b"
url = "https://github.com/getsops/sops/releases/download/v3.13.3/sops-v3.13.3.linux.amd64"
url_api = "https://api.github.com/repos/getsops/sops/releases/assets/486808201"

[tools.sops."platforms.linux-x64-musl".provenance.slsa]
url = "https://github.com/getsops/sops/releases/download/v3.13.3/sops-v3.13.3.intoto.jsonl"

[tools.sops."platforms.macos-arm64"]
checksum = "sha256:b97c0d434aab577dc40310e8d22ff9e45eef4c80638ab978daae9b4681c59286"
url = "https://github.com/getsops/sops/releases/download/v3.13.3/sops-v3.13.3.darwin.arm64"
url_api = "https://api.github.com/repos/getsops/sops/releases/assets/486808198"

[tools.sops."platforms.macos-arm64".provenance.slsa]
url = "https://github.com/getsops/sops/releases/download/v3.13.3/sops-v3.13.3.intoto.jsonl"

[tools.sops."platforms.macos-x64"]
checksum = "sha256:42162d5cef10b74fcf80a045a70e658d7ce6e63d6ea1be6f347e44015714468d"
url = "https://github.com/getsops/sops/releases/download/v3.13.3/sops-v3.13.3.darwin.amd64"
url_api = "https://api.github.com/repos/getsops/sops/releases/assets/486808228"

[tools.sops."platforms.macos-x64".provenance.slsa]
url = "https://github.com/getsops/sops/releases/download/v3.13.3/sops-v3.13.3.intoto.jsonl"

[tools.sops."platforms.windows-x64"]
checksum = "sha256:a4a9a398858fe8b2ef72d9686d930bf7c5cece9be74ad83ac3b53cfdd70e6b1c"
url = "https://github.com/getsops/sops/releases/download/v3.13.3/sops-v3.13.3.amd64.exe"
url_api = "https://api.github.com/repos/getsops/sops/releases/assets/486808200"

[tools.sops."platforms.windows-x64".provenance.slsa]
url = "https://github.com/getsops/sops/releases/download/v3.13.3/sops-v3.13.3.intoto.jsonl"
